
Microsoft Visual Studio Solution File, Format Version 12.00
Project("{FAE04EC0-301F-11D3-BF4B-00C04F79EFBC}") = "Tests", "Tests\Tests.csproj", "{1B81DF99-56A4-4DC3-ADD1-88EAA3E23C5C}"
EndProject
Project("{FAE04EC0-301F-11D3-BF4B-00C04F79EFBC}") = "Thousand", "Thousand\Thousand.csproj", "{5EDC0908-2FA4-48E7-BD8F-5DD2E5427970}"
EndProject
Global
	GlobalSection(SolutionConfigurationPlatforms) = preSolution
		Debug|Any CPU = Debug|Any CPU
		Release|Any CPU = Release|Any CPU
	EndGlobalSection
	GlobalSection(ProjectConfigurationPlatforms) = postSolution
		{1B81DF99-56A4-4DC3-ADD1-88EAA3E23C5C}.Debug|Any CPU.ActiveCfg = Debug|Any CPU
		{1B81DF99-56A4-4DC3-ADD1-88EAA3E23C5C}.Debug|Any CPU.Build.0 = Debug|Any CPU
		{1B81DF99-56A4-4DC3-ADD1-88EAA3E23C5C}.Release|Any CPU.ActiveCfg = Release|Any CPU
		{1B81DF99-56A4-4DC3-ADD1-88EAA3E23C5C}.Release|Any CPU.Build.0 = Release|Any CPU
		{5EDC0908-2FA4-48E7-BD8F-5DD2E5427970}.Debug|Any CPU.ActiveCfg = Debug|Any CPU
		{5EDC0908-2FA4-48E7-BD8F-5DD2E5427970}.Debug|Any CPU.Build.0 = Debug|Any CPU
		{5EDC0908-2FA4-48E7-BD8F-5DD2E5427970}.Release|Any CPU.ActiveCfg = Release|Any CPU
		{5EDC0908-2FA4-48E7-BD8F-5DD2E5427970}.Release|Any CPU.Build.0 = Release|Any CPU
	EndGlobalSection
EndGlobal
